// !$*UTF8*$!
{
	archiveVersion = 1;
	classes = {
	};
	objectVersion = 52;
	objects = {

/* Begin PBXBuildFile section */
		7D05F3052741359800EBDBB1 /* AppDelegate.swift in Sources */ = {isa = PBXBuildFile; fileRef = 7D05F3042741359800EBDBB1 /* AppDelegate.swift */; };
		7D05F30B2741359C00EBDBB1 /* Assets.xcassets in Resources */ = {isa = PBXBuildFile; fileRef = 7D05F30A2741359C00EBDBB1 /* Assets.xcassets */; };
		7D05F3112741359C00EBDBB1 /* LaunchScreen.storyboard in Resources */ = {isa = PBXBuildFile; fileRef = 7D05F30F2741359C00EBDBB1 /* LaunchScreen.storyboard */; };
		7D05F3242741371400EBDBB1 /* RootViewController.swift in Sources */ = {isa = PBXBuildFile; fileRef = 7D05F3232741371400EBDBB1 /* RootViewController.swift */; };
		7D05F33227413A1500EBDBB1 /* libBottomSheet.a in Frameworks */ = {isa = PBXBuildFile; fileRef = 7D05F32A274139E100EBDBB1 /* libBottomSheet.a */; };
		7D05F342274140F700EBDBB1 /* SnapKit in Frameworks */ = {isa = PBXBuildFile; productRef = 7D05F341274140F700EBDBB1 /* SnapKit */; };
		7D59054827BD2DC70000BC17 /* BottomSheetUtils.h in Headers */ = {isa = PBXBuildFile; fileRef = 7D59054727BD2DC70000BC17 /* BottomSheetUtils.h */; settings = {ATTRIBUTES = (Public, ); }; };
		7D59054A27BD2DCE0000BC17 /* JMMulticastDelegate.h in Headers */ = {isa = PBXBuildFile; fileRef = 7D59054927BD2DCE0000BC17 /* JMMulticastDelegate.h */; settings = {ATTRIBUTES = (Public, ); }; };
		7D7338D4274269A3004D7E59 /* ResizeViewController.swift in Sources */ = {isa = PBXBuildFile; fileRef = 7D7338D3274269A3004D7E59 /* ResizeViewController.swift */; };
		7DA6E0D9274F9186009F5C37 /* BottomSheetTransitioningDelegate.swift in Sources */ = {isa = PBXBuildFile; fileRef = 7DA6E0B4274F915A009F5C37 /* BottomSheetTransitioningDelegate.swift */; };
		7DA6E0DA274F918A009F5C37 /* BottomSheetNavigationController.swift in Sources */ = {isa = PBXBuildFile; fileRef = 7DA6E0B6274F915A009F5C37 /* BottomSheetNavigationController.swift */; };
		7DA6E0DB274F918A009F5C37 /* UIViewController+CustomInteractiveTransition.swift in Sources */ = {isa = PBXBuildFile; fileRef = 7DA6E0B7274F915A009F5C37 /* UIViewController+CustomInteractiveTransition.swift */; };
		7DA6E0DC274F918A009F5C37 /* BottomSheetNavigationStyle.swift in Sources */ = {isa = PBXBuildFile; fileRef = 7DA6E0B8274F915A009F5C37 /* BottomSheetNavigationStyle.swift */; };
		7DA6E0DD274F918E009F5C37 /* BottomSheetNavigationPullBar.swift in Sources */ = {isa = PBXBuildFile; fileRef = 7DA6E0BB274F915A009F5C37 /* BottomSheetNavigationPullBar.swift */; };
		7DA6E0DE274F918E009F5C37 /* BottomSheetModalDismissalHandler.swift in Sources */ = {isa = PBXBuildFile; fileRef = 7DA6E0BC274F915A009F5C37 /* BottomSheetModalDismissalHandler.swift */; };
		7DA6E0DF274F918E009F5C37 /* BottomSheetPresentationController.swift in Sources */ = {isa = PBXBuildFile; fileRef = 7DA6E0BA274F915A009F5C37 /* BottomSheetPresentationController.swift */; };
		7DA6E0E0274F9196009F5C37 /* BinaryFloatingPoint+Helpers.swift in Sources */ = {isa = PBXBuildFile; fileRef = 7DA6E0C2274F915A009F5C37 /* BinaryFloatingPoint+Helpers.swift */; };
		7DA6E0E1274F9196009F5C37 /* ScreenScale+Helpers.swift in Sources */ = {isa = PBXBuildFile; fileRef = 7DA6E0BF274F915A009F5C37 /* ScreenScale+Helpers.swift */; };
		7DA6E0E2274F9196009F5C37 /* UIViewController+Lifecycle.swift in Sources */ = {isa = PBXBuildFile; fileRef = 7DA6E0C3274F915A009F5C37 /* UIViewController+Lifecycle.swift */; };
		7DA6E0E3274F9196009F5C37 /* CGRect+Helpers.swift in Sources */ = {isa = PBXBuildFile; fileRef = 7DA6E0C4274F915A009F5C37 /* CGRect+Helpers.swift */; };
		7DA6E0E4274F9196009F5C37 /* UIEdgeInsets+Helpers.swift in Sources */ = {isa = PBXBuildFile; fileRef = 7DA6E0C0274F915A009F5C37 /* UIEdgeInsets+Helpers.swift */; };
		7DA6E0E5274F9196009F5C37 /* CGPoint+Helpers.swift in Sources */ = {isa = PBXBuildFile; fileRef = 7DA6E0C1274F915A009F5C37 /* CGPoint+Helpers.swift */; };
		7DA6E0E6274F9196009F5C37 /* CGSize+Helpers.swift in Sources */ = {isa = PBXBuildFile; fileRef = 7DA6E0C5274F915A009F5C37 /* CGSize+Helpers.swift */; };
		7DA6E0E7274F919A009F5C37 /* UIScrollView+MulticastDelegate.swift in Sources */ = {isa = PBXBuildFile; fileRef = 7DA6E0C8274F915A009F5C37 /* UIScrollView+MulticastDelegate.swift */; };
		7DA6E0E8274F919A009F5C37 /* UINavigationController+MulticastDelegate.swift in Sources */ = {isa = PBXBuildFile; fileRef = 7DA6E0C7274F915A009F5C37 /* UINavigationController+MulticastDelegate.swift */; };
		7DA9B01A27439FA100284B0F /* UIControl+EventHandling.swift in Sources */ = {isa = PBXBuildFile; fileRef = 7DA9B01927439FA100284B0F /* UIControl+EventHandling.swift */; };
		7DB24C8927BD1813001030C7 /* BottomSheetUtils.framework in Frameworks */ = {isa = PBXBuildFile; fileRef = 7DB24C8327BD1813001030C7 /* BottomSheetUtils.framework */; };
		7DB24C8A27BD1813001030C7 /* BottomSheetUtils.framework in Embed Frameworks */ = {isa = PBXBuildFile; fileRef = 7DB24C8327BD1813001030C7 /* BottomSheetUtils.framework */; settings = {ATTRIBUTES = (CodeSignOnCopy, RemoveHeadersOnCopy, ); }; };
		7DB24C9327BD18F1001030C7 /* BottomSheetUtils.framework in Frameworks */ = {isa = PBXBuildFile; fileRef = 7DB24C8327BD1813001030C7 /* BottomSheetUtils.framework */; };
		7DB24CEC27BD1FAD001030C7 /* JMMulticastDelegate.m in Sources */ = {isa = PBXBuildFile; fileRef = 7DB24CE927BD1FAD001030C7 /* JMMulticastDelegate.m */; };
		7DD5185028AA2FBA003F3D2A /* UIViewController+Convenience.swift in Sources */ = {isa = PBXBuildFile; fileRef = 7DD5184E28AA2F46003F3D2A /* UIViewController+Convenience.swift */; };
		7DD5185328AA369E003F3D2A /* BottomSheetConfiguration.swift in Sources */ = {isa = PBXBuildFile; fileRef = 7DD5185128AA34D9003F3D2A /* BottomSheetConfiguration.swift */; };
/* End PBXBuildFile section */

/* Begin PBXContainerItemProxy section */
		7D05F33327413A1500EBDBB1 /* PBXContainerItemProxy */ = {
			isa = PBXContainerItemProxy;
			containerPortal = 7D05F2F92741359800EBDBB1 /* Project object */;
			proxyType = 1;
			remoteGlobalIDString = 7D05F329274139E100EBDBB1;
			remoteInfo = BottomSheet;
		};
		7DB24C8727BD1813001030C7 /* PBXContainerItemProxy */ = {
			isa = PBXContainerItemProxy;
			containerPortal = 7D05F2F92741359800EBDBB1 /* Project object */;
			proxyType = 1;
			remoteGlobalIDString = 7DB24C8227BD1813001030C7;
			remoteInfo = BottomSheetUtils;
		};
/* End PBXContainerItemProxy section */

/* Begin PBXCopyFilesBuildPhase section */
		7D05F328274139E100EBDBB1 /* CopyFiles */ = {
			isa = PBXCopyFilesBuildPhase;
			buildActionMask = 2147483647;
			dstPath = "include/$(PRODUCT_NAME)";
			dstSubfolderSpec = 16;
			files = (
			);
			runOnlyForDeploymentPostprocessing = 0;
		};
		7DB24C8B27BD1813001030C7 /* Embed Frameworks */ = {
			isa = PBXCopyFilesBuildPhase;
			buildActionMask = 2147483647;
			dstPath = "";
			dstSubfolderSpec = 10;
			files = (
				7DB24C8A27BD1813001030C7 /* BottomSheetUtils.framework in Embed Frameworks */,
			);
			name = "Embed Frameworks";
			runOnlyForDeploymentPostprocessing = 0;
		};
/* End PBXCopyFilesBuildPhase section */

/* Begin PBXFileReference section */
		7D05F3012741359800EBDBB1 /* BottomSheetDemo.app */ = {isa = PBXFileReference; explicitFileType = wrapper.application; includeInIndex = 0; path = BottomSheetDemo.app; sourceTree = BUILT_PRODUCTS_DIR; };
		7D05F3042741359800EBDBB1 /* AppDelegate.swift */ = {isa = PBXFileReference; lastKnownFileType = sourcecode.swift; path = AppDelegate.swift; sourceTree = "<group>"; };
		7D05F30A2741359C00EBDBB1 /* Assets.xcassets */ = {isa = PBXFileReference; lastKnownFileType = folder.assetcatalog; path = Assets.xcassets; sourceTree = "<group>"; };
		7D05F3102741359C00EBDBB1 /* Base */ = {isa = PBXFileReference; lastKnownFileType = file.storyboard; name = Base; path = Base.lproj/LaunchScreen.storyboard; sourceTree = "<group>"; };
		7D05F3122741359C00EBDBB1 /* Info.plist */ = {isa = PBXFileReference; lastKnownFileType = text.plist.xml; path = Info.plist; sourceTree = "<group>"; };
		7D05F3232741371400EBDBB1 /* RootViewController.swift */ = {isa = PBXFileReference; lastKnownFileType = sourcecode.swift; path = RootViewController.swift; sourceTree = "<group>"; };
		7D05F32A274139E100EBDBB1 /* libBottomSheet.a */ = {isa = PBXFileReference; explicitFileType = archive.ar; includeInIndex = 0; path = libBottomSheet.a; sourceTree = BUILT_PRODUCTS_DIR; };
		7D59054727BD2DC70000BC17 /* BottomSheetUtils.h */ = {isa = PBXFileReference; fileEncoding = 4; lastKnownFileType = sourcecode.c.h; path = BottomSheetUtils.h; sourceTree = "<group>"; };
		7D59054927BD2DCE0000BC17 /* JMMulticastDelegate.h */ = {isa = PBXFileReference; fileEncoding = 4; lastKnownFileType = sourcecode.c.h; path = JMMulticastDelegate.h; sourceTree = "<group>"; };
		7D7338D3274269A3004D7E59 /* ResizeViewController.swift */ = {isa = PBXFileReference; lastKnownFileType = sourcecode.swift; path = ResizeViewController.swift; sourceTree = "<group>"; };
		7DA6E0B4274F915A009F5C37 /* BottomSheetTransitioningDelegate.swift */ = {isa = PBXFileReference; fileEncoding = 4; lastKnownFileType = sourcecode.swift; path = BottomSheetTransitioningDelegate.swift; sourceTree = "<group>"; };
		7DA6E0B6274F915A009F5C37 /* BottomSheetNavigationController.swift */ = {isa = PBXFileReference; fileEncoding = 4; lastKnownFileType = sourcecode.swift; path = BottomSheetNavigationController.swift; sourceTree = "<group>"; };
		7DA6E0B7274F915A009F5C37 /* UIViewController+CustomInteractiveTransition.swift */ = {isa = PBXFileReference; fileEncoding = 4; lastKnownFileType = sourcecode.swift; path = "UIViewController+CustomInteractiveTransition.swift"; sourceTree = "<group>"; };
		7DA6E0B8274F915A009F5C37 /* BottomSheetNavigationStyle.swift */ = {isa = PBXFileReference; fileEncoding = 4; lastKnownFileType = sourcecode.swift; path = BottomSheetNavigationStyle.swift; sourceTree = "<group>"; };
		7DA6E0BA274F915A009F5C37 /* BottomSheetPresentationController.swift */ = {isa = PBXFileReference; fileEncoding = 4; lastKnownFileType = sourcecode.swift; path = BottomSheetPresentationController.swift; sourceTree = "<group>"; };
		7DA6E0BB274F915A009F5C37 /* BottomSheetNavigationPullBar.swift */ = {isa = PBXFileReference; fileEncoding = 4; lastKnownFileType = sourcecode.swift; path = BottomSheetNavigationPullBar.swift; sourceTree = "<group>"; };
		7DA6E0BC274F915A009F5C37 /* BottomSheetModalDismissalHandler.swift */ = {isa = PBXFileReference; fileEncoding = 4; lastKnownFileType = sourcecode.swift; path = BottomSheetModalDismissalHandler.swift; sourceTree = "<group>"; };
		7DA6E0BF274F915A009F5C37 /* ScreenScale+Helpers.swift */ = {isa = PBXFileReference; fileEncoding = 4; lastKnownFileType = sourcecode.swift; path = "ScreenScale+Helpers.swift"; sourceTree = "<group>"; };
		7DA6E0C0274F915A009F5C37 /* UIEdgeInsets+Helpers.swift */ = {isa = PBXFileReference; fileEncoding = 4; lastKnownFileType = sourcecode.swift; path = "UIEdgeInsets+Helpers.swift"; sourceTree = "<group>"; };
		7DA6E0C1274F915A009F5C37 /* CGPoint+Helpers.swift */ = {isa = PBXFileReference; fileEncoding = 4; lastKnownFileType = sourcecode.swift; path = "CGPoint+Helpers.swift"; sourceTree = "<group>"; };
		7DA6E0C2274F915A009F5C37 /* BinaryFloatingPoint+Helpers.swift */ = {isa = PBXFileReference; fileEncoding = 4; lastKnownFileType = sourcecode.swift; path = "BinaryFloatingPoint+Helpers.swift"; sourceTree = "<group>"; };
		7DA6E0C3274F915A009F5C37 /* UIViewController+Lifecycle.swift */ = {isa = PBXFileReference; fileEncoding = 4; lastKnownFileType = sourcecode.swift; path = "UIViewController+Lifecycle.swift"; sourceTree = "<group>"; };
		7DA6E0C4274F915A009F5C37 /* CGRect+Helpers.swift */ = {isa = PBXFileReference; fileEncoding = 4; lastKnownFileType = sourcecode.swift; path = "CGRect+Helpers.swift"; sourceTree = "<group>"; };
		7DA6E0C5274F915A009F5C37 /* CGSize+Helpers.swift */ = {isa = PBXFileReference; fileEncoding = 4; lastKnownFileType = sourcecode.swift; path = "CGSize+Helpers.swift"; sourceTree = "<group>"; };
		7DA6E0C7274F915A009F5C37 /* UINavigationController+MulticastDelegate.swift */ = {isa = PBXFileReference; fileEncoding = 4; lastKnownFileType = sourcecode.swift; path = "UINavigationController+MulticastDelegate.swift"; sourceTree = "<group>"; };
		7DA6E0C8274F915A009F5C37 /* UIScrollView+MulticastDelegate.swift */ = {isa = PBXFileReference; fileEncoding = 4; lastKnownFileType = sourcecode.swift; path = "UIScrollView+MulticastDelegate.swift"; sourceTree = "<group>"; };
		7DA9B01927439FA100284B0F /* UIControl+EventHandling.swift */ = {isa = PBXFileReference; lastKnownFileType = sourcecode.swift; path = "UIControl+EventHandling.swift"; sourceTree = "<group>"; };
		7DB24C8327BD1813001030C7 /* BottomSheetUtils.framework */ = {isa = PBXFileReference; explicitFileType = wrapper.framework; includeInIndex = 0; path = BottomSheetUtils.framework; sourceTree = BUILT_PRODUCTS_DIR; };
		7DB24CE927BD1FAD001030C7 /* JMMulticastDelegate.m */ = {isa = PBXFileReference; fileEncoding = 4; lastKnownFileType = sourcecode.c.objc; path = JMMulticastDelegate.m; sourceTree = "<group>"; };
		7DD5184E28AA2F46003F3D2A /* UIViewController+Convenience.swift */ = {isa = PBXFileReference; lastKnownFileType = sourcecode.swift; path = "UIViewController+Convenience.swift"; sourceTree = "<group>"; };
		7DD5185128AA34D9003F3D2A /* BottomSheetConfiguration.swift */ = {isa = PBXFileReference; lastKnownFileType = sourcecode.swift; path = BottomSheetConfiguration.swift; sourceTree = "<group>"; };
/* End PBXFileReference section */

/* Begin PBXFrameworksBuildPhase section */
		7D05F2FE2741359800EBDBB1 /* Frameworks */ = {
			isa = PBXFrameworksBuildPhase;
			buildActionMask = 2147483647;
			files = (
				7D05F33227413A1500EBDBB1 /* libBottomSheet.a in Frameworks */,
				7DB24C8927BD1813001030C7 /* BottomSheetUtils.framework in Frameworks */,
				7D05F342274140F700EBDBB1 /* SnapKit in Frameworks */,
			);
			runOnlyForDeploymentPostprocessing = 0;
		};
		7D05F327274139E100EBDBB1 /* Frameworks */ = {
			isa = PBXFrameworksBuildPhase;
			buildActionMask = 2147483647;
			files = (
				7DB24C9327BD18F1001030C7 /* BottomSheetUtils.framework in Frameworks */,
			);
			runOnlyForDeploymentPostprocessing = 0;
		};
		7DB24C8027BD1813001030C7 /* Frameworks */ = {
			isa = PBXFrameworksBuildPhase;
			buildActionMask = 2147483647;
			files = (
			);
			runOnlyForDeploymentPostprocessing = 0;
		};
/* End PBXFrameworksBuildPhase section */

/* Begin PBXGroup section */
		7D05F2F82741359800EBDBB1 = {
			isa = PBXGroup;
			children = (
				7DA6E0B2274F915A009F5C37 /* BottomSheet */,
				7D05F3032741359800EBDBB1 /* BottomSheetDemo */,
				7DB24CE827BD1FAD001030C7 /* BottomSheetUtils */,
				7D05F33127413A1500EBDBB1 /* Frameworks */,
				7D05F3022741359800EBDBB1 /* Products */,
			);
			sourceTree = "<group>";
		};
		7D05F3022741359800EBDBB1 /* Products */ = {
			isa = PBXGroup;
			children = (
				7D05F3012741359800EBDBB1 /* BottomSheetDemo.app */,
				7D05F32A274139E100EBDBB1 /* libBottomSheet.a */,
				7DB24C8327BD1813001030C7 /* BottomSheetUtils.framework */,
			);
			name = Products;
			sourceTree = "<group>";
		};
		7D05F3032741359800EBDBB1 /* BottomSheetDemo */ = {
			isa = PBXGroup;
			children = (
				7D05F31A2741361000EBDBB1 /* Sources */,
				7D05F319274135D800EBDBB1 /* Supporting Files */,
				7D05F318274135CE00EBDBB1 /* Resources */,
			);
			path = BottomSheetDemo;
			sourceTree = "<group>";
		};
		7D05F318274135CE00EBDBB1 /* Resources */ = {
			isa = PBXGroup;
			children = (
				7D05F30F2741359C00EBDBB1 /* LaunchScreen.storyboard */,
				7D05F30A2741359C00EBDBB1 /* Assets.xcassets */,
			);
			path = Resources;
			sourceTree = "<group>";
		};
		7D05F319274135D800EBDBB1 /* Supporting Files */ = {
			isa = PBXGroup;
			children = (
				7D05F3042741359800EBDBB1 /* AppDelegate.swift */,
				7D05F3122741359C00EBDBB1 /* Info.plist */,
			);
			path = "Supporting Files";
			sourceTree = "<group>";
		};
		7D05F31A2741361000EBDBB1 /* Sources */ = {
			isa = PBXGroup;
			children = (
				7D05F31B2741363900EBDBB1 /* User Interface */,
			);
			path = Sources;
			sourceTree = "<group>";
		};
		7D05F31B2741363900EBDBB1 /* User Interface */ = {
			isa = PBXGroup;
			children = (
				7DA9B01827439F8A00284B0F /* Helpers */,
				7DA9B01727439F8400284B0F /* Screens */,
			);
			path = "User Interface";
			sourceTree = "<group>";
		};
		7D05F31C2741364500EBDBB1 /* Root */ = {
			isa = PBXGroup;
			children = (
				7D05F3232741371400EBDBB1 /* RootViewController.swift */,
			);
			path = Root;
			sourceTree = "<group>";
		};
		7D05F33127413A1500EBDBB1 /* Frameworks */ = {
			isa = PBXGroup;
			children = (
			);
			name = Frameworks;
			sourceTree = "<group>";
		};
		7D7338D5274269DF004D7E59 /* Resize */ = {
			isa = PBXGroup;
			children = (
				7D7338D3274269A3004D7E59 /* ResizeViewController.swift */,
			);
			path = Resize;
			sourceTree = "<group>";
		};
		7DA6E0B2274F915A009F5C37 /* BottomSheet */ = {
			isa = PBXGroup;
			children = (
				7DA6E0B3274F915A009F5C37 /* Core */,
				7DA6E0BD274F915A009F5C37 /* Helpers */,
			);
			name = BottomSheet;
			path = Sources/BottomSheet;
			sourceTree = "<group>";
		};
		7DA6E0B3274F915A009F5C37 /* Core */ = {
			isa = PBXGroup;
			children = (
				7DA6E0B4274F915A009F5C37 /* BottomSheetTransitioningDelegate.swift */,
				7DD5184D28AA2F3B003F3D2A /* Extensions */,
				7DA6E0B5274F915A009F5C37 /* NavigationController */,
				7DA6E0B9274F915A009F5C37 /* Presentation */,
				7DD5185128AA34D9003F3D2A /* BottomSheetConfiguration.swift */,
			);
			path = Core;
			sourceTree = "<group>";
		};
		7DA6E0B5274F915A009F5C37 /* NavigationController */ = {
			isa = PBXGroup;
			children = (
				7DA6E0B6274F915A009F5C37 /* BottomSheetNavigationController.swift */,
				7DA6E0B7274F915A009F5C37 /* UIViewController+CustomInteractiveTransition.swift */,
				7DA6E0B8274F915A009F5C37 /* BottomSheetNavigationStyle.swift */,
			);
			path = NavigationController;
			sourceTree = "<group>";
		};
		7DA6E0B9274F915A009F5C37 /* Presentation */ = {
			isa = PBXGroup;
			children = (
				7DA6E0BA274F915A009F5C37 /* BottomSheetPresentationController.swift */,
				7DA6E0BB274F915A009F5C37 /* BottomSheetNavigationPullBar.swift */,
				7DA6E0BC274F915A009F5C37 /* BottomSheetModalDismissalHandler.swift */,
			);
			path = Presentation;
			sourceTree = "<group>";
		};
		7DA6E0BD274F915A009F5C37 /* Helpers */ = {
			isa = PBXGroup;
			children = (
				7DA6E0BE274F915A009F5C37 /* UI */,
				7DA6E0C6274F915A009F5C37 /* Utils */,
			);
			path = Helpers;
			sourceTree = "<group>";
		};
		7DA6E0BE274F915A009F5C37 /* UI */ = {
			isa = PBXGroup;
			children = (
				7DA6E0BF274F915A009F5C37 /* ScreenScale+Helpers.swift */,
				7DA6E0C0274F915A009F5C37 /* UIEdgeInsets+Helpers.swift */,
				7DA6E0C1274F915A009F5C37 /* CGPoint+Helpers.swift */,
				7DA6E0C2274F915A009F5C37 /* BinaryFloatingPoint+Helpers.swift */,
				7DA6E0C3274F915A009F5C37 /* UIViewController+Lifecycle.swift */,
				7DA6E0C4274F915A009F5C37 /* CGRect+Helpers.swift */,
				7DA6E0C5274F915A009F5C37 /* CGSize+Helpers.swift */,
			);
			path = UI;
			sourceTree = "<group>";
		};
		7DA6E0C6274F915A009F5C37 /* Utils */ = {
			isa = PBXGroup;
			children = (
				7DA6E0C7274F915A009F5C37 /* UINavigationController+MulticastDelegate.swift */,
				7DA6E0C8274F915A009F5C37 /* UIScrollView+MulticastDelegate.swift */,
			);
			path = Utils;
			sourceTree = "<group>";
		};
		7DA9B01727439F8400284B0F /* Screens */ = {
			isa = PBXGroup;
			children = (
				7D7338D5274269DF004D7E59 /* Resize */,
				7D05F31C2741364500EBDBB1 /* Root */,
			);
			path = Screens;
			sourceTree = "<group>";
		};
		7DA9B01827439F8A00284B0F /* Helpers */ = {
			isa = PBXGroup;
			children = (
				7DA9B01927439FA100284B0F /* UIControl+EventHandling.swift */,
			);
			path = Helpers;
			sourceTree = "<group>";
		};
		7DB24CE827BD1FAD001030C7 /* BottomSheetUtils */ = {
			isa = PBXGroup;
			children = (
				7DDA237727BD25C800D006FE /* include */,
				7D59054727BD2DC70000BC17 /* BottomSheetUtils.h */,
				7DB24CE927BD1FAD001030C7 /* JMMulticastDelegate.m */,
			);
			name = BottomSheetUtils;
			path = Sources/BottomSheetUtils;
			sourceTree = "<group>";
		};
		7DD5184D28AA2F3B003F3D2A /* Extensions */ = {
			isa = PBXGroup;
			children = (
				7DD5184E28AA2F46003F3D2A /* UIViewController+Convenience.swift */,
			);
			path = Extensions;
			sourceTree = "<group>";
		};
		7DDA237727BD25C800D006FE /* include */ = {
			isa = PBXGroup;
			children = (
				7D59054927BD2DCE0000BC17 /* JMMulticastDelegate.h */,
			);
			path = include;
			sourceTree = "<group>";
		};
/* End PBXGroup section */

/* Begin PBXHeadersBuildPhase section */
		7DB24C7E27BD1813001030C7 /* Headers */ = {
			isa = PBXHeadersBuildPhase;
			buildActionMask = 2147483647;
			files = (
				7D59054827BD2DC70000BC17 /* BottomSheetUtils.h in Headers */,
				7D59054A27BD2DCE0000BC17 /* JMMulticastDelegate.h in Headers */,
			);
			runOnlyForDeploymentPostprocessing = 0;
		};
/* End PBXHeadersBuildPhase section */

/* Begin PBXNativeTarget section */
		7D05F3002741359800EBDBB1 /* BottomSheetDemo */ = {
			isa = PBXNativeTarget;
			buildConfigurationList = 7D05F3152741359C00EBDBB1 /* Build configuration list for PBXNativeTarget "BottomSheetDemo" */;
			buildPhases = (
				7D05F2FD2741359800EBDBB1 /* Sources */,
				7D05F2FE2741359800EBDBB1 /* Frameworks */,
				7D05F2FF2741359800EBDBB1 /* Resources */,
				7DB24C8B27BD1813001030C7 /* Embed Frameworks */,
			);
			buildRules = (
			);
			dependencies = (
				7D05F33427413A1500EBDBB1 /* PBXTargetDependency */,
				7DB24C8827BD1813001030C7 /* PBXTargetDependency */,
			);
			name = BottomSheetDemo;
			packageProductDependencies = (
				7D05F341274140F700EBDBB1 /* SnapKit */,
			);
			productName = BottomSheet;
			productReference = 7D05F3012741359800EBDBB1 /* BottomSheetDemo.app */;
			productType = "com.apple.product-type.application";
		};
		7D05F329274139E100EBDBB1 /* BottomSheet */ = {
			isa = PBXNativeTarget;
			buildConfigurationList = 7D05F32E274139E100EBDBB1 /* Build configuration list for PBXNativeTarget "BottomSheet" */;
			buildPhases = (
				7D05F326274139E100EBDBB1 /* Sources */,
				7D05F327274139E100EBDBB1 /* Frameworks */,
				7D05F328274139E100EBDBB1 /* CopyFiles */,
			);
			buildRules = (
			);
			dependencies = (
			);
			name = BottomSheet;
			productName = BottomSheet;
			productReference = 7D05F32A274139E100EBDBB1 /* libBottomSheet.a */;
			productType = "com.apple.product-type.library.static";
		};
		7DB24C8227BD1813001030C7 /* BottomSheetUtils */ = {
			isa = PBXNativeTarget;
			buildConfigurationList = 7DB24C8E27BD1813001030C7 /* Build configuration list for PBXNativeTarget "BottomSheetUtils" */;
			buildPhases = (
				7DB24C7E27BD1813001030C7 /* Headers */,
				7DB24C7F27BD1813001030C7 /* Sources */,
				7DB24C8027BD1813001030C7 /* Frameworks */,
				7DB24C8127BD1813001030C7 /* Resources */,
			);
			buildRules = (
			);
			dependencies = (
			);
			name = BottomSheetUtils;
			productName = BottomSheetUtils;
			productReference = 7DB24C8327BD1813001030C7 /* BottomSheetUtils.framework */;
			productType = "com.apple.product-type.framework";
		};
/* End PBXNativeTarget section */

/* Begin PBXProject section */
		7D05F2F92741359800EBDBB1 /* Project object */ = {
			isa = PBXProject;
			attributes = {
				LastSwiftUpdateCheck = 1250;
				LastUpgradeCheck = 1250;
				ORGANIZATIONNAME = Joom;
				TargetAttributes = {
					7D05F3002741359800EBDBB1 = {
						CreatedOnToolsVersion = 12.5.1;
					};
					7D05F329274139E100EBDBB1 = {
						CreatedOnToolsVersion = 12.5.1;
						LastSwiftMigration = 1250;
					};
					7DB24C8227BD1813001030C7 = {
						CreatedOnToolsVersion = 13.0;
					};
				};
			};
			buildConfigurationList = 7D05F2FC2741359800EBDBB1 /* Build configuration list for PBXProject "BottomSheetDemo" */;
			compatibilityVersion = "Xcode 9.3";
			developmentRegion = en;
			hasScannedForEncodings = 0;
			knownRegions = (
				en,
				Base,
			);
			mainGroup = 7D05F2F82741359800EBDBB1;
			packageReferences = (
				7D05F340274140F700EBDBB1 /* XCRemoteSwiftPackageReference "SnapKit" */,
			);
			productRefGroup = 7D05F3022741359800EBDBB1 /* Products */;
			projectDirPath = "";
			projectRoot = "";
			targets = (
				7D05F3002741359800EBDBB1 /* BottomSheetDemo */,
				7D05F329274139E100EBDBB1 /* BottomSheet */,
				7DB24C8227BD1813001030C7 /* BottomSheetUtils */,
			);
		};
/* End PBXProject section */

/* Begin PBXResourcesBuildPhase section */
		7D05F2FF2741359800EBDBB1 /* Resources */ = {
			isa = PBXResourcesBuildPhase;
			buildActionMask = 2147483647;
			files = (
				7D05F3112741359C00EBDBB1 /* LaunchScreen.storyboard in Resources */,
				7D05F30B2741359C00EBDBB1 /* Assets.xcassets in Resources */,
			);
			runOnlyForDeploymentPostprocessing = 0;
		};
		7DB24C8127BD1813001030C7 /* Resources */ = {
			isa = PBXResourcesBuildPhase;
			buildActionMask = 2147483647;
			files = (
			);
			runOnlyForDeploymentPostprocessing = 0;
		};
/* End PBXResourcesBuildPhase section */

/* Begin PBXSourcesBuildPhase section */
		7D05F2FD2741359800EBDBB1 /* Sources */ = {
			isa = PBXSourcesBuildPhase;
			buildActionMask = 2147483647;
			files = (
				7D05F3052741359800EBDBB1 /* AppDelegate.swift in Sources */,
				7DA9B01A27439FA100284B0F /* UIControl+EventHandling.swift in Sources */,
				7D05F3242741371400EBDBB1 /* RootViewController.swift in Sources */,
				7D7338D4274269A3004D7E59 /* ResizeViewController.swift in Sources */,
			);
			runOnlyForDeploymentPostprocessing = 0;
		};
		7D05F326274139E100EBDBB1 /* Sources */ = {
			isa = PBXSourcesBuildPhase;
			buildActionMask = 2147483647;
			files = (
				7DA6E0E4274F9196009F5C37 /* UIEdgeInsets+Helpers.swift in Sources */,
				7DA6E0E5274F9196009F5C37 /* CGPoint+Helpers.swift in Sources */,
				7DA6E0E1274F9196009F5C37 /* ScreenScale+Helpers.swift in Sources */,
				7DA6E0DD274F918E009F5C37 /* BottomSheetNavigationPullBar.swift in Sources */,
				7DA6E0DE274F918E009F5C37 /* BottomSheetModalDismissalHandler.swift in Sources */,
				7DA6E0DF274F918E009F5C37 /* BottomSheetPresentationController.swift in Sources */,
				7DA6E0E7274F919A009F5C37 /* UIScrollView+MulticastDelegate.swift in Sources */,
				7DD5185328AA369E003F3D2A /* BottomSheetConfiguration.swift in Sources */,
				7DA6E0E8274F919A009F5C37 /* UINavigationController+MulticastDelegate.swift in Sources */,
				7DA6E0E6274F9196009F5C37 /* CGSize+Helpers.swift in Sources */,
				7DD5185028AA2FBA003F3D2A /* UIViewController+Convenience.swift in Sources */,
				7DA6E0E2274F9196009F5C37 /* UIViewController+Lifecycle.swift in Sources */,
				7DA6E0DC274F918A009F5C37 /* BottomSheetNavigationStyle.swift in Sources */,
				7DA6E0DA274F918A009F5C37 /* BottomSheetNavigationController.swift in Sources */,
				7DA6E0D9274F9186009F5C37 /* BottomSheetTransitioningDelegate.swift in Sources */,
				7DA6E0DB274F918A009F5C37 /* UIViewController+CustomInteractiveTransition.swift in Sources */,
				7DA6E0E3274F9196009F5C37 /* CGRect+Helpers.swift in Sources */,
				7DA6E0E0274F9196009F5C37 /* BinaryFloatingPoint+Helpers.swift in Sources */,
			);
			runOnlyForDeploymentPostprocessing = 0;
		};
		7DB24C7F27BD1813001030C7 /* Sources */ = {
			isa = PBXSourcesBuildPhase;
			buildActionMask = 2147483647;
			files = (
				7DB24CEC27BD1FAD001030C7 /* JMMulticastDelegate.m in Sources */,
			);
			runOnlyForDeploymentPostprocessing = 0;
		};
/* End PBXSourcesBuildPhase section */

/* Begin PBXTargetDependency section */
		7D05F33427413A1500EBDBB1 /* PBXTargetDependency */ = {
			isa = PBXTargetDependency;
			target = 7D05F329274139E100EBDBB1 /* BottomSheet */;
			targetProxy = 7D05F33327413A1500EBDBB1 /* PBXContainerItemProxy */;
		};
		7DB24C8827BD1813001030C7 /* PBXTargetDependency */ = {
			isa = PBXTargetDependency;
			target = 7DB24C8227BD1813001030C7 /* BottomSheetUtils */;
			targetProxy = 7DB24C8727BD1813001030C7 /* PBXContainerItemProxy */;
		};
/* End PBXTargetDependency section */

/* Begin PBXVariantGroup section */
		7D05F30F2741359C00EBDBB1 /* LaunchScreen.storyboard */ = {
			isa = PBXVariantGroup;
			children = (
				7D05F3102741359C00EBDBB1 /* Base */,
			);
			name = LaunchScreen.storyboard;
			sourceTree = "<group>";
		};
/* End PBXVariantGroup section */

/* Begin XCBuildConfiguration section */
		7D05F3132741359C00EBDBB1 /* Debug */ = {
			isa = XCBuildConfiguration;
			buildSettings = {
				ALWAYS_SEARCH_USER_PATHS = NO;
				CLANG_ANALYZER_NONNULL = YES;
				CLANG_ANALYZER_NUMBER_OBJECT_CONVERSION = YES_AGGRESSIVE;
				CLANG_CXX_LANGUAGE_STANDARD = "gnu++14";
				CLANG_CXX_LIBRARY = "libc++";
				CLANG_ENABLE_MODULES = YES;
				CLANG_ENABLE_OBJC_ARC = YES;
				CLANG_ENABLE_OBJC_WEAK = YES;
				CLANG_WARN_BLOCK_CAPTURE_AUTORELEASING = YES;
				CLANG_WARN_BOOL_CONVERSION = YES;
				CLANG_WARN_COMMA = YES;
				CLANG_WARN_CONSTANT_CONVERSION = YES;
				CLANG_WARN_DEPRECATED_OBJC_IMPLEMENTATIONS = YES;
				CLANG_WARN_DIRECT_OBJC_ISA_USAGE = YES_ERROR;
				CLANG_WARN_DOCUMENTATION_COMMENTS = YES;
				CLANG_WARN_EMPTY_BODY = YES;
				CLANG_WARN_ENUM_CONVERSION = YES;
				CLANG_WARN_INFINITE_RECURSION = YES;
				CLANG_WARN_INT_CONVERSION = YES;
				CLANG_WARN_NON_LITERAL_NULL_CONVERSION = YES;
				CLANG_WARN_OBJC_IMPLICIT_RETAIN_SELF = YES;
				CLANG_WARN_OBJC_LITERAL_CONVERSION = YES;
				CLANG_WARN_OBJC_ROOT_CLASS = YES_ERROR;
				CLANG_WARN_QUOTED_INCLUDE_IN_FRAMEWORK_HEADER = YES;
				CLANG_WARN_RANGE_LOOP_ANALYSIS = YES;
				CLANG_WARN_STRICT_PROTOTYPES = YES;
				CLANG_WARN_SUSPICIOUS_MOVE = YES;
				CLANG_WARN_UNGUARDED_AVAILABILITY = YES_AGGRESSIVE;
				CLANG_WARN_UNREACHABLE_CODE = YES;
				CLANG_WARN__DUPLICATE_METHOD_MATCH = YES;
				COPY_PHASE_STRIP = NO;
				DEBUG_INFORMATION_FORMAT = dwarf;
				ENABLE_STRICT_OBJC_MSGSEND = YES;
				ENABLE_TESTABILITY = YES;
				GCC_C_LANGUAGE_STANDARD = gnu11;
				GCC_DYNAMIC_NO_PIC = NO;
				GCC_NO_COMMON_BLOCKS = YES;
				GCC_OPTIMIZATION_LEVEL = 0;
				GCC_PREPROCESSOR_DEFINITIONS = (
					"DEBUG=1",
					"$(inherited)",
				);
				GCC_WARN_64_TO_32_BIT_CONVERSION = YES;
				GCC_WARN_ABOUT_RETURN_TYPE = YES_ERROR;
				GCC_WARN_UNDECLARED_SELECTOR = YES;
				GCC_WARN_UNINITIALIZED_AUTOS = YES_AGGRESSIVE;
				GCC_WARN_UNUSED_FUNCTION = YES;
				GCC_WARN_UNUSED_VARIABLE = YES;
				IPHONEOS_DEPLOYMENT_TARGET = 12.0;
				MTL_ENABLE_DEBUG_INFO = INCLUDE_SOURCE;
				MTL_FAST_MATH = YES;
				ONLY_ACTIVE_ARCH = YES;
				SDKROOT = iphoneos;
				SWIFT_ACTIVE_COMPILATION_CONDITIONS = DEBUG;
				SWIFT_OPTIMIZATION_LEVEL = "-Onone";
			};
			name = Debug;
		};
		7D05F3142741359C00EBDBB1 /* Release */ = {
			isa = XCBuildConfiguration;
			buildSettings = {
				ALWAYS_SEARCH_USER_PATHS = NO;
				CLANG_ANALYZER_NONNULL = YES;
				CLANG_ANALYZER_NUMBER_OBJECT_CONVERSION = YES_AGGRESSIVE;
				CLANG_CXX_LANGUAGE_STANDARD = "gnu++14";
				CLANG_CXX_LIBRARY = "libc++";
				CLANG_ENABLE_MODULES = YES;
				CLANG_ENABLE_OBJC_ARC = YES;
				CLANG_ENABLE_OBJC_WEAK = YES;
				CLANG_WARN_BLOCK_CAPTURE_AUTORELEASING = YES;
				CLANG_WARN_BOOL_CONVERSION = YES;
				CLANG_WARN_COMMA = YES;
				CLANG_WARN_CONSTANT_CONVERSION = YES;
				CLANG_WARN_DEPRECATED_OBJC_IMPLEMENTATIONS = YES;
				CLANG_WARN_DIRECT_OBJC_ISA_USAGE = YES_ERROR;
				CLANG_WARN_DOCUMENTATION_COMMENTS = YES;
				CLANG_WARN_EMPTY_BODY = YES;
				CLANG_WARN_ENUM_CONVERSION = YES;
				CLANG_WARN_INFINITE_RECURSION = YES;
				CLANG_WARN_INT_CONVERSION = YES;
				CLANG_WARN_NON_LITERAL_NULL_CONVERSION = YES;
				CLANG_WARN_OBJC_IMPLICIT_RETAIN_SELF = YES;
				CLANG_WARN_OBJC_LITERAL_CONVERSION = YES;
				CLANG_WARN_OBJC_ROOT_CLASS = YES_ERROR;
				CLANG_WARN_QUOTED_INCLUDE_IN_FRAMEWORK_HEADER = YES;
				CLANG_WARN_RANGE_LOOP_ANALYSIS = YES;
				CLANG_WARN_STRICT_PROTOTYPES = YES;
				CLANG_WARN_SUSPICIOUS_MOVE = YES;
				CLANG_WARN_UNGUARDED_AVAILABILITY = YES_AGGRESSIVE;
				CLANG_WARN_UNREACHABLE_CODE = YES;
				CLANG_WARN__DUPLICATE_METHOD_MATCH = YES;
				COPY_PHASE_STRIP = NO;
				DEBUG_INFORMATION_FORMAT = "dwarf-with-dsym";
				ENABLE_NS_ASSERTIONS = NO;
				ENABLE_STRICT_OBJC_MSGSEND = YES;
				GCC_C_LANGUAGE_STANDARD = gnu11;
				GCC_NO_COMMON_BLOCKS = YES;
				GCC_WARN_64_TO_32_BIT_CONVERSION = YES;
				GCC_WARN_ABOUT_RETURN_TYPE = YES_ERROR;
				GCC_WARN_UNDECLARED_SELECTOR = YES;
				GCC_WARN_UNINITIALIZED_AUTOS = YES_AGGRESSIVE;
				GCC_WARN_UNUSED_FUNCTION = YES;
				GCC_WARN_UNUSED_VARIABLE = YES;
				IPHONEOS_DEPLOYMENT_TARGET = 12.0;
				MTL_ENABLE_DEBUG_INFO = NO;
				MTL_FAST_MATH = YES;
				SDKROOT = iphoneos;
				SWIFT_COMPILATION_MODE = wholemodule;
				SWIFT_OPTIMIZATION_LEVEL = "-O";
				VALIDATE_PRODUCT = YES;
			};
			name = Release;
		};
		7D05F3162741359C00EBDBB1 /* Debug */ = {
			isa = XCBuildConfiguration;
			buildSettings = {
				ASSETCATALOG_COMPILER_APPICON_NAME = AppIcon;
				ASSETCATALOG_COMPILER_GLOBAL_ACCENT_COLOR_NAME = AccentColor;
				CODE_SIGN_STYLE = Automatic;
				ENABLE_PREVIEWS = YES;
				INFOPLIST_FILE = "BottomSheetDemo/Supporting Files/Info.plist";
				LD_RUNPATH_SEARCH_PATHS = (
					"$(inherited)",
					"@executable_path/Frameworks",
				);
				PRODUCT_BUNDLE_IDENTIFIER = joomcode.BottomSheet;
				PRODUCT_NAME = "$(TARGET_NAME)";
				SWIFT_VERSION = 5.0;
				TARGETED_DEVICE_FAMILY = "1,2";
			};
			name = Debug;
		};
		7D05F3172741359C00EBDBB1 /* Release */ = {
			isa = XCBuildConfiguration;
			buildSettings = {
				ASSETCATALOG_COMPILER_APPICON_NAME = AppIcon;
				ASSETCATALOG_COMPILER_GLOBAL_ACCENT_COLOR_NAME = AccentColor;
				CODE_SIGN_STYLE = Automatic;
				ENABLE_PREVIEWS = YES;
				INFOPLIST_FILE = "BottomSheetDemo/Supporting Files/Info.plist";
				LD_RUNPATH_SEARCH_PATHS = (
					"$(inherited)",
					"@executable_path/Frameworks",
				);
				PRODUCT_BUNDLE_IDENTIFIER = joomcode.BottomSheet;
				PRODUCT_NAME = "$(TARGET_NAME)";
				SWIFT_VERSION = 5.0;
				TARGETED_DEVICE_FAMILY = "1,2";
			};
			name = Release;
		};
		7D05F32F274139E100EBDBB1 /* Debug */ = {
			isa = XCBuildConfiguration;
			buildSettings = {
				CLANG_ENABLE_MODULES = YES;
				CODE_SIGN_STYLE = Automatic;
				LD_RUNPATH_SEARCH_PATHS = (
					"$(inherited)",
					"@executable_path/Frameworks",
					"@loader_path/Frameworks",
				);
				OTHER_LDFLAGS = "-ObjC";
				PRODUCT_NAME = "$(TARGET_NAME)";
				SKIP_INSTALL = YES;
				SWIFT_OPTIMIZATION_LEVEL = "-Onone";
				SWIFT_VERSION = 5.0;
				TARGETED_DEVICE_FAMILY = "1,2";
			};
			name = Debug;
		};
		7D05F330274139E100EBDBB1 /* Release */ = {
			isa = XCBuildConfiguration;
			buildSettings = {
				CLANG_ENABLE_MODULES = YES;
				CODE_SIGN_STYLE = Automatic;
				LD_RUNPATH_SEARCH_PATHS = (
					"$(inherited)",
					"@executable_path/Frameworks",
					"@loader_path/Frameworks",
				);
				OTHER_LDFLAGS = "-ObjC";
				PRODUCT_NAME = "$(TARGET_NAME)";
				SKIP_INSTALL = YES;
				SWIFT_VERSION = 5.0;
				TARGETED_DEVICE_FAMILY = "1,2";
			};
			name = Release;
		};
		7DB24C8C27BD1813001030C7 /* Debug */ = {
			isa = XCBuildConfiguration;
			buildSettings = {
				CLANG_CXX_LANGUAGE_STANDARD = "gnu++17";
				CODE_SIGN_STYLE = Automatic;
				CURRENT_PROJECT_VERSION = 1;
				DEFINES_MODULE = YES;
				DYLIB_COMPATIBILITY_VERSION = 1;
				DYLIB_CURRENT_VERSION = 1;
				DYLIB_INSTALL_NAME_BASE = "@rpath";
				GENERATE_INFOPLIST_FILE = YES;
				INFOPLIST_KEY_NSHumanReadableCopyright = "Copyright © 2022 Joom. All rights reserved.";
				INSTALL_PATH = "$(LOCAL_LIBRARY_DIR)/Frameworks";
				IPHONEOS_DEPLOYMENT_TARGET = 15.0;
				LD_RUNPATH_SEARCH_PATHS = (
					"$(inherited)",
					"@executable_path/Frameworks",
					"@loader_path/Frameworks",
				);
				MACH_O_TYPE = staticlib;
				MARKETING_VERSION = 1.0;
				PRODUCT_BUNDLE_IDENTIFIER = com.joomcode.BottomSheetUtils;
				PRODUCT_NAME = "$(TARGET_NAME:c99extidentifier)";
				SKIP_INSTALL = YES;
				SWIFT_EMIT_LOC_STRINGS = YES;
				TARGETED_DEVICE_FAMILY = "1,2";
				VERSIONING_SYSTEM = "apple-generic";
				VERSION_INFO_PREFIX = "";
			};
			name = Debug;
		};
		7DB24C8D27BD1813001030C7 /* Release */ = {
			isa = XCBuildConfiguration;
			buildSettings = {
				CLANG_CXX_LANGUAGE_STANDARD = "gnu++17";
				CODE_SIGN_STYLE = Automatic;
				CURRENT_PROJECT_VERSION = 1;
				DEFINES_MODULE = YES;
				DYLIB_COMPATIBILITY_VERSION = 1;
				DYLIB_CURRENT_VERSION = 1;
				DYLIB_INSTALL_NAME_BASE = "@rpath";
				GENERATE_INFOPLIST_FILE = YES;
				INFOPLIST_KEY_NSHumanReadableCopyright = "Copyright © 2022 Joom. All rights reserved.";
				INSTALL_PATH = "$(LOCAL_LIBRARY_DIR)/Frameworks";
				IPHONEOS_DEPLOYMENT_TARGET = 15.0;
				LD_RUNPATH_SEARCH_PATHS = (
					"$(inherited)",
					"@executable_path/Frameworks",
					"@loader_path/Frameworks",
				);
				MACH_O_TYPE = staticlib;
				MARKETING_VERSION = 1.0;
				PRODUCT_BUNDLE_IDENTIFIER = com.joomcode.BottomSheetUtils;
				PRODUCT_NAME = "$(TARGET_NAME:c99extidentifier)";
				SKIP_INSTALL = YES;
				SWIFT_EMIT_LOC_STRINGS = YES;
				TARGETED_DEVICE_FAMILY = "1,2";
				VERSIONING_SYSTEM = "apple-generic";
				VERSION_INFO_PREFIX = "";
			};
			name = Release;
		};
/* End XCBuildConfiguration section */

/* Begin XCConfigurationList section */
		7D05F2FC2741359800EBDBB1 /* Build configuration list for PBXProject "BottomSheetDemo" */ = {
			isa = XCConfigurationList;
			buildConfigurations = (
				7D05F3132741359C00EBDBB1 /* Debug */,
				7D05F3142741359C00EBDBB1 /* Release */,
			);
			defaultConfigurationIsVisible = 0;
			defaultConfigurationName = Release;
		};
		7D05F3152741359C00EBDBB1 /* Build configuration list for PBXNativeTarget "BottomSheetDemo" */ = {
			isa = XCConfigurationList;
			buildConfigurations = (
				7D05F3162741359C00EBDBB1 /* Debug */,
				7D05F3172741359C00EBDBB1 /* Release */,
			);
			defaultConfigurationIsVisible = 0;
			defaultConfigurationName = Release;
		};
		7D05F32E274139E100EBDBB1 /* Build configuration list for PBXNativeTarget "BottomSheet" */ = {
			isa = XCConfigurationList;
			buildConfigurations = (
				7D05F32F274139E100EBDBB1 /* Debug */,
				7D05F330274139E100EBDBB1 /* Release */,
			);
			defaultConfigurationIsVisible = 0;
			defaultConfigurationName = Release;
		};
		7DB24C8E27BD1813001030C7 /* Build configuration list for PBXNativeTarget "BottomSheetUtils" */ = {
			isa = XCConfigurationList;
			buildConfigurations = (
				7DB24C8C27BD1813001030C7 /* Debug */,
				7DB24C8D27BD1813001030C7 /* Release */,
			);
			defaultConfigurationIsVisible = 0;
			defaultConfigurationName = Release;
		};
/* End XCConfigurationList section */

/* Begin XCRemoteSwiftPackageReference section */
		7D05F340274140F700EBDBB1 /* XCRemoteSwiftPackageReference "SnapKit" */ = {
			isa = XCRemoteSwiftPackageReference;
			repositoryURL = "https://github.com/SnapKit/SnapKit";
			requirement = {
				kind = upToNextMajorVersion;
				minimumVersion = 5.0.1;
			};
		};
/* End XCRemoteSwiftPackageReference section */

/* Begin XCSwiftPackageProductDependency section */
		7D05F341274140F700EBDBB1 /* SnapKit */ = {
			isa = XCSwiftPackageProductDependency;
			package = 7D05F340274140F700EBDBB1 /* XCRemoteSwiftPackageReference "SnapKit" */;
			productName = SnapKit;
		};
/* End XCSwiftPackageProductDependency section */
	};
	rootObject = 7D05F2F92741359800EBDBB1 /* Project object */;
}
